// !$*UTF8*$!
{
	archiveVersion = 1;
	classes = {
	};
	objectVersion = 52;
	objects = {

/* Begin PBXBuildFile section */
		530D99FD2455CFAA007FBE91 /* ImageListCell.swift in Sources */ = {isa = PBXBuildFile; fileRef = 530D99FC2455CFAA007FBE91 /* ImageListCell.swift */; };
		534098B62450619E003A6CA2 /* PhImage+CoreDataClass.swift in Sources */ = {isa = PBXBuildFile; fileRef = 534098B42450619E003A6CA2 /* PhImage+CoreDataClass.swift */; };
		534098BA245061F1003A6CA2 /* CoreDataStack.swift in Sources */ = {isa = PBXBuildFile; fileRef = 534098B9245061F1003A6CA2 /* CoreDataStack.swift */; };
		534098BC2450635E003A6CA2 /* PImageFetchController.swift in Sources */ = {isa = PBXBuildFile; fileRef = 534098BB2450635E003A6CA2 /* PImageFetchController.swift */; };
		534098C224507A5D003A6CA2 /* PhImage+CoreDataProperties.swift in Sources */ = {isa = PBXBuildFile; fileRef = 534098C124507A5D003A6CA2 /* PhImage+CoreDataProperties.swift */; };
		53542225244B388A00025B69 /* PLocalImageManager.swift in Sources */ = {isa = PBXBuildFile; fileRef = 53542224244B388A00025B69 /* PLocalImageManager.swift */; };
		535C273224690A7200813085 /* PhotoviewerUITests.swift in Sources */ = {isa = PBXBuildFile; fileRef = 535C273124690A7200813085 /* PhotoviewerUITests.swift */; };
		5364DA4B24407D6E00AB05DB /* i.jpeg in Resources */ = {isa = PBXBuildFile; fileRef = 5364DA4124407D6E00AB05DB /* i.jpeg */; };
		5364DA4C24407D6E00AB05DB /* d.jpeg in Resources */ = {isa = PBXBuildFile; fileRef = 5364DA4224407D6E00AB05DB /* d.jpeg */; };
		5364DA4D24407D6E00AB05DB /* c.jpeg in Resources */ = {isa = PBXBuildFile; fileRef = 5364DA4324407D6E00AB05DB /* c.jpeg */; };
		5364DA4E24407D6E00AB05DB /* b.jpeg in Resources */ = {isa = PBXBuildFile; fileRef = 5364DA4424407D6E00AB05DB /* b.jpeg */; };
		5364DA4F24407D6E00AB05DB /* e.jpeg in Resources */ = {isa = PBXBuildFile; fileRef = 5364DA4524407D6E00AB05DB /* e.jpeg */; };
		5364DA5024407D6E00AB05DB /* h.jpeg in Resources */ = {isa = PBXBuildFile; fileRef = 5364DA4624407D6E00AB05DB /* h.jpeg */; };
		5364DA5124407D6E00AB05DB /* f.jpeg in Resources */ = {isa = PBXBuildFile; fileRef = 5364DA4724407D6E00AB05DB /* f.jpeg */; };
		5364DA5224407D6E00AB05DB /* g.jpeg in Resources */ = {isa = PBXBuildFile; fileRef = 5364DA4824407D6E00AB05DB /* g.jpeg */; };
		5364DA5324407D6E00AB05DB /* j.jpeg in Resources */ = {isa = PBXBuildFile; fileRef = 5364DA4924407D6E00AB05DB /* j.jpeg */; };
		5364DA5424407D6E00AB05DB /* a.jpeg in Resources */ = {isa = PBXBuildFile; fileRef = 5364DA4A24407D6E00AB05DB /* a.jpeg */; };
		537AA87D2466BF1E00A060EE /* PTestUserDefaults.swift in Sources */ = {isa = PBXBuildFile; fileRef = 537AA8792466BD9500A060EE /* PTestUserDefaults.swift */; };
		5394A7CF244219AA008396DD /* AppKit.framework in Frameworks */ = {isa = PBXBuildFile; fileRef = 5394A7C62442169F008396DD /* AppKit.framework */; platformFilter = maccatalyst; };
		5397025524454E8400048129 /* ImagePicker.swift in Sources */ = {isa = PBXBuildFile; fileRef = 5397025424454E8400048129 /* ImagePicker.swift */; };
		53CDD90E24469CA80047280B /* PFileManager.swift in Sources */ = {isa = PBXBuildFile; fileRef = 53CDD90D24469CA80047280B /* PFileManager.swift */; };
		53CDD9102446C48C0047280B /* PImage.swift in Sources */ = {isa = PBXBuildFile; fileRef = 53CDD90F2446C48C0047280B /* PImage.swift */; };
		53CDD912244801110047280B /* PUserDefaults.swift in Sources */ = {isa = PBXBuildFile; fileRef = 53CDD911244801110047280B /* PUserDefaults.swift */; };
		53CDD914244807EE0047280B /* PExtensionString.swift in Sources */ = {isa = PBXBuildFile; fileRef = 53CDD913244807EE0047280B /* PExtensionString.swift */; };
		53CDD916244815530047280B /* PrimarySplitViewController.swift in Sources */ = {isa = PBXBuildFile; fileRef = 53CDD915244815530047280B /* PrimarySplitViewController.swift */; };
		53D06DD2246324FF008A1ED7 /* PString.swift in Sources */ = {isa = PBXBuildFile; fileRef = 53D06DD1246324FF008A1ED7 /* PString.swift */; };
		53F5356D244029BD00B94AF2 /* AppDelegate.swift in Sources */ = {isa = PBXBuildFile; fileRef = 53F5356C244029BD00B94AF2 /* AppDelegate.swift */; };
		53F53570244029BD00B94AF2 /* Photoviewer.xcdatamodeld in Sources */ = {isa = PBXBuildFile; fileRef = 53F5356E244029BD00B94AF2 /* Photoviewer.xcdatamodeld */; };
		53F53572244029BD00B94AF2 /* SceneDelegate.swift in Sources */ = {isa = PBXBuildFile; fileRef = 53F53571244029BD00B94AF2 /* SceneDelegate.swift */; };
		53F53574244029BD00B94AF2 /* ImageListViewController.swift in Sources */ = {isa = PBXBuildFile; fileRef = 53F53573244029BD00B94AF2 /* ImageListViewController.swift */; };
		53F53576244029BD00B94AF2 /* PreviewViewController.swift in Sources */ = {isa = PBXBuildFile; fileRef = 53F53575244029BD00B94AF2 /* PreviewViewController.swift */; };
		53F53579244029BD00B94AF2 /* Main.storyboard in Resources */ = {isa = PBXBuildFile; fileRef = 53F53577244029BD00B94AF2 /* Main.storyboard */; };
		53F5357B244029BE00B94AF2 /* Assets.xcassets in Resources */ = {isa = PBXBuildFile; fileRef = 53F5357A244029BE00B94AF2 /* Assets.xcassets */; };
		53F5357E244029BE00B94AF2 /* LaunchScreen.storyboard in Resources */ = {isa = PBXBuildFile; fileRef = 53F5357C244029BE00B94AF2 /* LaunchScreen.storyboard */; };
		53F53589244029BE00B94AF2 /* PhotoviewerTests.swift in Sources */ = {isa = PBXBuildFile; fileRef = 53F53588244029BE00B94AF2 /* PhotoviewerTests.swift */; };
/* End PBXBuildFile section */

/* Begin PBXContainerItemProxy section */
		535C273424690A7200813085 /* PBXContainerItemProxy */ = {
			isa = PBXContainerItemProxy;
			containerPortal = 53F53561244029BD00B94AF2 /* Project object */;
			proxyType = 1;
			remoteGlobalIDString = 53F53568244029BD00B94AF2;
			remoteInfo = Photoviewer;
		};
		53F53585244029BE00B94AF2 /* PBXContainerItemProxy */ = {
			isa = PBXContainerItemProxy;
			containerPortal = 53F53561244029BD00B94AF2 /* Project object */;
			proxyType = 1;
			remoteGlobalIDString = 53F53568244029BD00B94AF2;
			remoteInfo = Photoviewer;
		};
/* End PBXContainerItemProxy section */

/* Begin PBXCopyFilesBuildPhase section */
		5394A7C5244215A5008396DD /* Embed PlugIns */ = {
			isa = PBXCopyFilesBuildPhase;
			buildActionMask = 2147483647;
			dstPath = "";
			dstSubfolderSpec = 13;
			files = (
			);
			name = "Embed PlugIns";
			runOnlyForDeploymentPostprocessing = 0;
		};
/* End PBXCopyFilesBuildPhase section */

/* Begin PBXFileReference section */
		530D99FC2455CFAA007FBE91 /* ImageListCell.swift */ = {isa = PBXFileReference; lastKnownFileType = sourcecode.swift; path = ImageListCell.swift; sourceTree = "<group>"; };
		534098B42450619E003A6CA2 /* PhImage+CoreDataClass.swift */ = {isa = PBXFileReference; lastKnownFileType = sourcecode.swift; path = "PhImage+CoreDataClass.swift"; sourceTree = "<group>"; };
		534098B9245061F1003A6CA2 /* CoreDataStack.swift */ = {isa = PBXFileReference; lastKnownFileType = sourcecode.swift; path = CoreDataStack.swift; sourceTree = "<group>"; };
		534098BB2450635E003A6CA2 /* PImageFetchController.swift */ = {isa = PBXFileReference; lastKnownFileType = sourcecode.swift; path = PImageFetchController.swift; sourceTree = "<group>"; };
		534098C124507A5D003A6CA2 /* PhImage+CoreDataProperties.swift */ = {isa = PBXFileReference; lastKnownFileType = sourcecode.swift; path = "PhImage+CoreDataProperties.swift"; sourceTree = "<group>"; };
		53542224244B388A00025B69 /* PLocalImageManager.swift */ = {isa = PBXFileReference; lastKnownFileType = sourcecode.swift; path = PLocalImageManager.swift; sourceTree = "<group>"; };
		535C272F24690A7200813085 /* PhotoviewerUITests.xctest */ = {isa = PBXFileReference; explicitFileType = wrapper.cfbundle; includeInIndex = 0; path = PhotoviewerUITests.xctest; sourceTree = BUILT_PRODUCTS_DIR; };
		535C273124690A7200813085 /* PhotoviewerUITests.swift */ = {isa = PBXFileReference; lastKnownFileType = sourcecode.swift; path = PhotoviewerUITests.swift; sourceTree = "<group>"; };
		535C273324690A7200813085 /* Info.plist */ = {isa = PBXFileReference; lastKnownFileType = text.plist.xml; path = Info.plist; sourceTree = "<group>"; };
		5364DA4124407D6E00AB05DB /* i.jpeg */ = {isa = PBXFileReference; lastKnownFileType = image.jpeg; path = i.jpeg; sourceTree = "<group>"; };
		5364DA4224407D6E00AB05DB /* d.jpeg */ = {isa = PBXFileReference; lastKnownFileType = image.jpeg; path = d.jpeg; sourceTree = "<group>"; };
		5364DA4324407D6E00AB05DB /* c.jpeg */ = {isa = PBXFileReference; lastKnownFileType = image.jpeg; path = c.jpeg; sourceTree = "<group>"; };
		5364DA4424407D6E00AB05DB /* b.jpeg */ = {isa = PBXFileReference; lastKnownFileType = image.jpeg; path = b.jpeg; sourceTree = "<group>"; };
		5364DA4524407D6E00AB05DB /* e.jpeg */ = {isa = PBXFileReference; lastKnownFileType = image.jpeg; path = e.jpeg; sourceTree = "<group>"; };
		5364DA4624407D6E00AB05DB /* h.jpeg */ = {isa = PBXFileReference; lastKnownFileType = image.jpeg; path = h.jpeg; sourceTree = "<group>"; };
		5364DA4724407D6E00AB05DB /* f.jpeg */ = {isa = PBXFileReference; lastKnownFileType = image.jpeg; path = f.jpeg; sourceTree = "<group>"; };
		5364DA4824407D6E00AB05DB /* g.jpeg */ = {isa = PBXFileReference; lastKnownFileType = image.jpeg; path = g.jpeg; sourceTree = "<group>"; };
		5364DA4924407D6E00AB05DB /* j.jpeg */ = {isa = PBXFileReference; lastKnownFileType = image.jpeg; path = j.jpeg; sourceTree = "<group>"; };
		5364DA4A24407D6E00AB05DB /* a.jpeg */ = {isa = PBXFileReference; lastKnownFileType = image.jpeg; path = a.jpeg; sourceTree = "<group>"; };
		537AA8792466BD9500A060EE /* PTestUserDefaults.swift */ = {isa = PBXFileReference; lastKnownFileType = sourcecode.swift; path = PTestUserDefaults.swift; sourceTree = "<group>"; };
		5394A7BD24421589008396DD /* Info.plist */ = {isa = PBXFileReference; lastKnownFileType = text.plist.xml; path = Info.plist; sourceTree = "<group>"; };
		5394A7C62442169F008396DD /* AppKit.framework */ = {isa = PBXFileReference; lastKnownFileType = wrapper.framework; name = AppKit.framework; path = Platforms/MacOSX.platform/Developer/SDKs/MacOSX10.15.sdk/System/Library/Frameworks/AppKit.framework; sourceTree = DEVELOPER_DIR; };
		5397025424454E8400048129 /* ImagePicker.swift */ = {isa = PBXFileReference; lastKnownFileType = sourcecode.swift; path = ImagePicker.swift; sourceTree = "<group>"; };
		53CDD90D24469CA80047280B /* PFileManager.swift */ = {isa = PBXFileReference; lastKnownFileType = sourcecode.swift; path = PFileManager.swift; sourceTree = "<group>"; };
		53CDD90F2446C48C0047280B /* PImage.swift */ = {isa = PBXFileReference; lastKnownFileType = sourcecode.swift; path = PImage.swift; sourceTree = "<group>"; };
		53CDD911244801110047280B /* PUserDefaults.swift */ = {isa = PBXFileReference; lastKnownFileType = sourcecode.swift; path = PUserDefaults.swift; sourceTree = "<group>"; };
		53CDD913244807EE0047280B /* PExtensionString.swift */ = {isa = PBXFileReference; lastKnownFileType = sourcecode.swift; path = PExtensionString.swift; sourceTree = "<group>"; };
		53CDD915244815530047280B /* PrimarySplitViewController.swift */ = {isa = PBXFileReference; lastKnownFileType = sourcecode.swift; path = PrimarySplitViewController.swift; sourceTree = "<group>"; };
		53D06DD1246324FF008A1ED7 /* PString.swift */ = {isa = PBXFileReference; lastKnownFileType = sourcecode.swift; path = PString.swift; sourceTree = "<group>"; };
		53F53569244029BD00B94AF2 /* Photoviewer.app */ = {isa = PBXFileReference; explicitFileType = wrapper.application; includeInIndex = 0; path = Photoviewer.app; sourceTree = BUILT_PRODUCTS_DIR; };
		53F5356C244029BD00B94AF2 /* AppDelegate.swift */ = {isa = PBXFileReference; lastKnownFileType = sourcecode.swift; path = AppDelegate.swift; sourceTree = "<group>"; };
		53F5356F244029BD00B94AF2 /* Photoviewer.xcdatamodel */ = {isa = PBXFileReference; lastKnownFileType = wrapper.xcdatamodel; path = Photoviewer.xcdatamodel; sourceTree = "<group>"; };
		53F53571244029BD00B94AF2 /* SceneDelegate.swift */ = {isa = PBXFileReference; lastKnownFileType = sourcecode.swift; path = SceneDelegate.swift; sourceTree = "<group>"; };
		53F53573244029BD00B94AF2 /* ImageListViewController.swift */ = {isa = PBXFileReference; lastKnownFileType = sourcecode.swift; path = ImageListViewController.swift; sourceTree = "<group>"; };
		53F53575244029BD00B94AF2 /* PreviewViewController.swift */ = {isa = PBXFileReference; lastKnownFileType = sourcecode.swift; path = PreviewViewController.swift; sourceTree = "<group>"; };
		53F53578244029BD00B94AF2 /* Base */ = {isa = PBXFileReference; lastKnownFileType = file.storyboard; name = Base; path = Base.lproj/Main.storyboard; sourceTree = "<group>"; };
		53F5357A244029BE00B94AF2 /* Assets.xcassets */ = {isa = PBXFileReference; lastKnownFileType = folder.assetcatalog; path = Assets.xcassets; sourceTree = "<group>"; };
		53F5357D244029BE00B94AF2 /* Base */ = {isa = PBXFileReference; lastKnownFileType = file.storyboard; name = Base; path = Base.lproj/LaunchScreen.storyboard; sourceTree = "<group>"; };
		53F5357F244029BE00B94AF2 /* Info.plist */ = {isa = PBXFileReference; lastKnownFileType = text.plist.xml; path = Info.plist; sourceTree = "<group>"; };
		53F53584244029BE00B94AF2 /* PhotoviewerTests.xctest */ = {isa = PBXFileReference; explicitFileType = wrapper.cfbundle; includeInIndex = 0; path = PhotoviewerTests.xctest; sourceTree = BUILT_PRODUCTS_DIR; };
		53F53588244029BE00B94AF2 /* PhotoviewerTests.swift */ = {isa = PBXFileReference; lastKnownFileType = sourcecode.swift; path = PhotoviewerTests.swift; sourceTree = "<group>"; };
		53F5358A244029BE00B94AF2 /* Info.plist */ = {isa = PBXFileReference; lastKnownFileType = text.plist.xml; path = Info.plist; sourceTree = "<group>"; };
		53F53593244029C800B94AF2 /* Photoviewer.entitlements */ = {isa = PBXFileReference; lastKnownFileType = text.plist.entitlements; path = Photoviewer.entitlements; sourceTree = "<group>"; };
/* End PBXFileReference section */

/* Begin PBXFrameworksBuildPhase section */
		535C272C24690A7200813085 /* Frameworks */ = {
			isa = PBXFrameworksBuildPhase;
			buildActionMask = 2147483647;
			files = (
			);
			runOnlyForDeploymentPostprocessing = 0;
		};
		53F53566244029BD00B94AF2 /* Frameworks */ = {
			isa = PBXFrameworksBuildPhase;
			buildActionMask = 2147483647;
			files = (
				5394A7CF244219AA008396DD /* AppKit.framework in Frameworks */,
			);
			runOnlyForDeploymentPostprocessing = 0;
		};
		53F53581244029BE00B94AF2 /* Frameworks */ = {
			isa = PBXFrameworksBuildPhase;
			buildActionMask = 2147483647;
			files = (
			);
			runOnlyForDeploymentPostprocessing = 0;
		};
/* End PBXFrameworksBuildPhase section */

/* Begin PBXGroup section */
		530D99F82455866F007FBE91 /* OtherImageManager */ = {
			isa = PBXGroup;
			children = (
				53CDD90F2446C48C0047280B /* PImage.swift */,
				53542224244B388A00025B69 /* PLocalImageManager.swift */,
			);
			path = OtherImageManager;
			sourceTree = "<group>";
		};
		530D99FA245586BA007FBE91 /* CoreDataImageManager */ = {
			isa = PBXGroup;
			children = (
				534098BB2450635E003A6CA2 /* PImageFetchController.swift */,
			);
			path = CoreDataImageManager;
			sourceTree = "<group>";
		};
		530D99FB2455CF73007FBE91 /* ImageListView */ = {
			isa = PBXGroup;
			children = (
				53F53573244029BD00B94AF2 /* ImageListViewController.swift */,
				530D99FC2455CFAA007FBE91 /* ImageListCell.swift */,
			);
			path = ImageListView;
			sourceTree = "<group>";
		};
		534098B8245061D8003A6CA2 /* CoreData */ = {
			isa = PBXGroup;
			children = (
				534098B42450619E003A6CA2 /* PhImage+CoreDataClass.swift */,
				534098C124507A5D003A6CA2 /* PhImage+CoreDataProperties.swift */,
				534098B9245061F1003A6CA2 /* CoreDataStack.swift */,
			);
			path = CoreData;
			sourceTree = "<group>";
		};
		53542221244B37DA00025B69 /* ImageManager */ = {
			isa = PBXGroup;
			children = (
				530D99FA245586BA007FBE91 /* CoreDataImageManager */,
				530D99F82455866F007FBE91 /* OtherImageManager */,
			);
			path = ImageManager;
			sourceTree = "<group>";
		};
		53542226244B3FEA00025B69 /* Utils */ = {
			isa = PBXGroup;
			children = (
				53CDD911244801110047280B /* PUserDefaults.swift */,
				53CDD913244807EE0047280B /* PExtensionString.swift */,
				53CDD90D24469CA80047280B /* PFileManager.swift */,
				53D06DD1246324FF008A1ED7 /* PString.swift */,
			);
			path = Utils;
			sourceTree = "<group>";
		};
		535C273024690A7200813085 /* PhotoviewerUITests */ = {
			isa = PBXGroup;
			children = (
				535C273124690A7200813085 /* PhotoviewerUITests.swift */,
				535C273324690A7200813085 /* Info.plist */,
			);
			path = PhotoviewerUITests;
			sourceTree = "<group>";
		};
		5394A7BC24421589008396DD /* AppKitGlue */ = {
			isa = PBXGroup;
			children = (
				5394A7BD24421589008396DD /* Info.plist */,
			);
			path = AppKitGlue;
			sourceTree = "<group>";
		};
		5394A7C1244215A4008396DD /* Frameworks */ = {
			isa = PBXGroup;
			children = (
				5394A7C62442169F008396DD /* AppKit.framework */,
			);
			name = Frameworks;
			sourceTree = "<group>";
		};
		5397025324454E5100048129 /* ImagePicker */ = {
			isa = PBXGroup;
			children = (
				5397025424454E8400048129 /* ImagePicker.swift */,
			);
			path = ImagePicker;
			sourceTree = "<group>";
		};
		53F53560244029BD00B94AF2 = {
			isa = PBXGroup;
			children = (
				53F5356B244029BD00B94AF2 /* Photoviewer */,
				53F53587244029BE00B94AF2 /* PhotoviewerTests */,
				5394A7BC24421589008396DD /* AppKitGlue */,
				535C273024690A7200813085 /* PhotoviewerUITests */,
				53F5356A244029BD00B94AF2 /* Products */,
				5394A7C1244215A4008396DD /* Frameworks */,
			);
			sourceTree = "<group>";
		};
		53F5356A244029BD00B94AF2 /* Products */ = {
			isa = PBXGroup;
			children = (
				53F53569244029BD00B94AF2 /* Photoviewer.app */,
				53F53584244029BE00B94AF2 /* PhotoviewerTests.xctest */,
				535C272F24690A7200813085 /* PhotoviewerUITests.xctest */,
			);
			name = Products;
			sourceTree = "<group>";
		};
		53F5356B244029BD00B94AF2 /* Photoviewer */ = {
			isa = PBXGroup;
			children = (
				530D99FB2455CF73007FBE91 /* ImageListView */,
				534098B8245061D8003A6CA2 /* CoreData */,
				53542226244B3FEA00025B69 /* Utils */,
				53542221244B37DA00025B69 /* ImageManager */,
				53F5359424402D2800B94AF2 /* Resources */,
				5397025324454E5100048129 /* ImagePicker */,
				53F53593244029C800B94AF2 /* Photoviewer.entitlements */,
				53F5356C244029BD00B94AF2 /* AppDelegate.swift */,
				53F53571244029BD00B94AF2 /* SceneDelegate.swift */,
				53F53575244029BD00B94AF2 /* PreviewViewController.swift */,
				53F53577244029BD00B94AF2 /* Main.storyboard */,
				53F5357A244029BE00B94AF2 /* Assets.xcassets */,
				53F5357C244029BE00B94AF2 /* LaunchScreen.storyboard */,
				53F5357F244029BE00B94AF2 /* Info.plist */,
				53F5356E244029BD00B94AF2 /* Photoviewer.xcdatamodeld */,
				53CDD915244815530047280B /* PrimarySplitViewController.swift */,
			);
			path = Photoviewer;
			sourceTree = "<group>";
		};
		53F53587244029BE00B94AF2 /* PhotoviewerTests */ = {
			isa = PBXGroup;
			children = (
				53F53588244029BE00B94AF2 /* PhotoviewerTests.swift */,
				53F5358A244029BE00B94AF2 /* Info.plist */,
				537AA8792466BD9500A060EE /* PTestUserDefaults.swift */,
			);
			path = PhotoviewerTests;
			sourceTree = "<group>";
		};
		53F5359424402D2800B94AF2 /* Resources */ = {
			isa = PBXGroup;
			children = (
				5364DA4A24407D6E00AB05DB /* a.jpeg */,
				5364DA4424407D6E00AB05DB /* b.jpeg */,
				5364DA4324407D6E00AB05DB /* c.jpeg */,
				5364DA4224407D6E00AB05DB /* d.jpeg */,
				5364DA4524407D6E00AB05DB /* e.jpeg */,
				5364DA4724407D6E00AB05DB /* f.jpeg */,
				5364DA4824407D6E00AB05DB /* g.jpeg */,
				5364DA4624407D6E00AB05DB /* h.jpeg */,
				5364DA4124407D6E00AB05DB /* i.jpeg */,
				5364DA4924407D6E00AB05DB /* j.jpeg */,
			);
			path = Resources;
			sourceTree = "<group>";
		};
/* End PBXGroup section */

/* Begin PBXNativeTarget section */
		535C272E24690A7200813085 /* PhotoviewerUITests */ = {
			isa = PBXNativeTarget;
			buildConfigurationList = 535C273824690A7200813085 /* Build configuration list for PBXNativeTarget "PhotoviewerUITests" */;
			buildPhases = (
				535C272B24690A7200813085 /* Sources */,
				535C272C24690A7200813085 /* Frameworks */,
				535C272D24690A7200813085 /* Resources */,
			);
			buildRules = (
			);
			dependencies = (
				535C273524690A7200813085 /* PBXTargetDependency */,
			);
			name = PhotoviewerUITests;
			productName = PhotoviewerUITests;
			productReference = 535C272F24690A7200813085 /* PhotoviewerUITests.xctest */;
			productType = "com.apple.product-type.bundle.ui-testing";
		};
		53F53568244029BD00B94AF2 /* Photoviewer */ = {
			isa = PBXNativeTarget;
			buildConfigurationList = 53F5358D244029BE00B94AF2 /* Build configuration list for PBXNativeTarget "Photoviewer" */;
			buildPhases = (
				53F53565244029BD00B94AF2 /* Sources */,
				53F53566244029BD00B94AF2 /* Frameworks */,
				53F53567244029BD00B94AF2 /* Resources */,
				5394A7C5244215A5008396DD /* Embed PlugIns */,
			);
			buildRules = (
			);
			dependencies = (
			);
			name = Photoviewer;
			productName = Photoviewer;
			productReference = 53F53569244029BD00B94AF2 /* Photoviewer.app */;
			productType = "com.apple.product-type.application";
		};
		53F53583244029BE00B94AF2 /* PhotoviewerTests */ = {
			isa = PBXNativeTarget;
			buildConfigurationList = 53F53590244029BE00B94AF2 /* Build configuration list for PBXNativeTarget "PhotoviewerTests" */;
			buildPhases = (
				53F53580244029BE00B94AF2 /* Sources */,
				53F53581244029BE00B94AF2 /* Frameworks */,
				53F53582244029BE00B94AF2 /* Resources */,
			);
			buildRules = (
			);
			dependencies = (
				53F53586244029BE00B94AF2 /* PBXTargetDependency */,
			);
			name = PhotoviewerTests;
			productName = PhotoviewerTests;
			productReference = 53F53584244029BE00B94AF2 /* PhotoviewerTests.xctest */;
			productType = "com.apple.product-type.bundle.unit-test";
		};
/* End PBXNativeTarget section */

/* Begin PBXProject section */
		53F53561244029BD00B94AF2 /* Project object */ = {
			isa = PBXProject;
			attributes = {
				LastSwiftUpdateCheck = 1140;
				LastUpgradeCheck = 1120;
				ORGANIZATIONNAME = "Ganesh TR";
				TargetAttributes = {
					535C272E24690A7200813085 = {
						CreatedOnToolsVersion = 11.4.1;
						TestTargetID = 53F53568244029BD00B94AF2;
					};
					53F53568244029BD00B94AF2 = {
						CreatedOnToolsVersion = 11.2.1;
					};
					53F53583244029BE00B94AF2 = {
						CreatedOnToolsVersion = 11.2.1;
						TestTargetID = 53F53568244029BD00B94AF2;
					};
				};
			};
			buildConfigurationList = 53F53564244029BD00B94AF2 /* Build configuration list for PBXProject "Photoviewer" */;
			compatibilityVersion = "Xcode 9.3";
			developmentRegion = en;
			hasScannedForEncodings = 0;
			knownRegions = (
				en,
				Base,
			);
			mainGroup = 53F53560244029BD00B94AF2;
			productRefGroup = 53F5356A244029BD00B94AF2 /* Products */;
			projectDirPath = "";
			projectRoot = "";
			targets = (
				53F53568244029BD00B94AF2 /* Photoviewer */,
				53F53583244029BE00B94AF2 /* PhotoviewerTests */,
				535C272E24690A7200813085 /* PhotoviewerUITests */,
			);
		};
/* End PBXProject section */

/* Begin PBXResourcesBuildPhase section */
		535C272D24690A7200813085 /* Resources */ = {
			isa = PBXResourcesBuildPhase;
			buildActionMask = 2147483647;
			files = (
			);
			runOnlyForDeploymentPostprocessing = 0;
		};
		53F53567244029BD00B94AF2 /* Resources */ = {
			isa = PBXResourcesBuildPhase;
			buildActionMask = 2147483647;
			files = (
				5364DA5424407D6E00AB05DB /* a.jpeg in Resources */,
				5364DA5324407D6E00AB05DB /* j.jpeg in Resources */,
				5364DA5124407D6E00AB05DB /* f.jpeg in Resources */,
				5364DA4C24407D6E00AB05DB /* d.jpeg in Resources */,
				53F5357E244029BE00B94AF2 /* LaunchScreen.storyboard in Resources */,
				53F5357B244029BE00B94AF2 /* Assets.xcassets in Resources */,
				5364DA4D24407D6E00AB05DB /* c.jpeg in Resources */,
				5364DA5224407D6E00AB05DB /* g.jpeg in Resources */,
				53F53579244029BD00B94AF2 /* Main.storyboard in Resources */,
				5364DA5024407D6E00AB05DB /* h.jpeg in Resources */,
				5364DA4B24407D6E00AB05DB /* i.jpeg in Resources */,
				5364DA4E24407D6E00AB05DB /* b.jpeg in Resources */,
				5364DA4F24407D6E00AB05DB /* e.jpeg in Resources */,
			);
			runOnlyForDeploymentPostprocessing = 0;
		};
		53F53582244029BE00B94AF2 /* Resources */ = {
			isa = PBXResourcesBuildPhase;
			buildActionMask = 2147483647;
			files = (
			);
			runOnlyForDeploymentPostprocessing = 0;
		};
/* End PBXResourcesBuildPhase section */

/* Begin PBXSourcesBuildPhase section */
		535C272B24690A7200813085 /* Sources */ = {
			isa = PBXSourcesBuildPhase;
			buildActionMask = 2147483647;
			files = (
				535C273224690A7200813085 /* PhotoviewerUITests.swift in Sources */,
			);
			runOnlyForDeploymentPostprocessing = 0;
		};
		53F53565244029BD00B94AF2 /* Sources */ = {
			isa = PBXSourcesBuildPhase;
			buildActionMask = 2147483647;
			files = (
				530D99FD2455CFAA007FBE91 /* ImageListCell.swift in Sources */,
				53CDD912244801110047280B /* PUserDefaults.swift in Sources */,
				537AA87D2466BF1E00A060EE /* PTestUserDefaults.swift in Sources */,
				53CDD916244815530047280B /* PrimarySplitViewController.swift in Sources */,
				534098BC2450635E003A6CA2 /* PImageFetchController.swift in Sources */,
				53F53574244029BD00B94AF2 /* ImageListViewController.swift in Sources */,
				53CDD90E24469CA80047280B /* PFileManager.swift in Sources */,
				534098C224507A5D003A6CA2 /* PhImage+CoreDataProperties.swift in Sources */,
				53CDD9102446C48C0047280B /* PImage.swift in Sources */,
				53F53570244029BD00B94AF2 /* Photoviewer.xcdatamodeld in Sources */,
				534098BA245061F1003A6CA2 /* CoreDataStack.swift in Sources */,
				53D06DD2246324FF008A1ED7 /* PString.swift in Sources */,
				53F53576244029BD00B94AF2 /* PreviewViewController.swift in Sources */,
				5397025524454E8400048129 /* ImagePicker.swift in Sources */,
				53F5356D244029BD00B94AF2 /* AppDelegate.swift in Sources */,
				53F53572244029BD00B94AF2 /* SceneDelegate.swift in Sources */,
				534098B62450619E003A6CA2 /* PhImage+CoreDataClass.swift in Sources */,
				53CDD914244807EE0047280B /* PExtensionString.swift in Sources */,
				53542225244B388A00025B69 /* PLocalImageManager.swift in Sources */,
			);
			runOnlyForDeploymentPostprocessing = 0;
		};
		53F53580244029BE00B94AF2 /* Sources */ = {
			isa = PBXSourcesBuildPhase;
			buildActionMask = 2147483647;
			files = (
				53F53589244029BE00B94AF2 /* PhotoviewerTests.swift in Sources */,
			);
			runOnlyForDeploymentPostprocessing = 0;
		};
/* End PBXSourcesBuildPhase section */

/* Begin PBXTargetDependency section */
		535C273524690A7200813085 /* PBXTargetDependency */ = {
			isa = PBXTargetDependency;
			target = 53F53568244029BD00B94AF2 /* Photoviewer */;
			targetProxy = 535C273424690A7200813085 /* PBXContainerItemProxy */;
		};
		53F53586244029BE00B94AF2 /* PBXTargetDependency */ = {
			isa = PBXTargetDependency;
			target = 53F53568244029BD00B94AF2 /* Photoviewer */;
			targetProxy = 53F53585244029BE00B94AF2 /* PBXContainerItemProxy */;
		};
/* End PBXTargetDependency section */

/* Begin PBXVariantGroup section */
		53F53577244029BD00B94AF2 /* Main.storyboard */ = {
			isa = PBXVariantGroup;
			children = (
				53F53578244029BD00B94AF2 /* Base */,
			);
			name = Main.storyboard;
			sourceTree = "<group>";
		};
		53F5357C244029BE00B94AF2 /* LaunchScreen.storyboard */ = {
			isa = PBXVariantGroup;
			children = (
				53F5357D244029BE00B94AF2 /* Base */,
			);
			name = LaunchScreen.storyboard;
			sourceTree = "<group>";
		};
/* End PBXVariantGroup section */

/* Begin XCBuildConfiguration section */
		535C273624690A7200813085 /* Debug */ = {
			isa = XCBuildConfiguration;
			buildSettings = {
				CODE_SIGN_STYLE = Automatic;
				INFOPLIST_FILE = PhotoviewerUITests/Info.plist;
				IPHONEOS_DEPLOYMENT_TARGET = 13.4;
				LD_RUNPATH_SEARCH_PATHS = (
					"$(inherited)",
					"@executable_path/Frameworks",
					"@loader_path/Frameworks",
				);
				PRODUCT_BUNDLE_IDENTIFIER = com.ganesh.PhotoviewerUITests;
				PRODUCT_NAME = "$(TARGET_NAME)";
				SWIFT_VERSION = 5.0;
				TARGETED_DEVICE_FAMILY = "1,2";
				TEST_TARGET_NAME = Photoviewer;
			};
			name = Debug;
		};
		535C273724690A7200813085 /* Release */ = {
			isa = XCBuildConfiguration;
			buildSettings = {
				CODE_SIGN_STYLE = Automatic;
				INFOPLIST_FILE = PhotoviewerUITests/Info.plist;
				IPHONEOS_DEPLOYMENT_TARGET = 13.4;
				LD_RUNPATH_SEARCH_PATHS = (
					"$(inherited)",
					"@executable_path/Frameworks",
					"@loader_path/Frameworks",
				);
				PRODUCT_BUNDLE_IDENTIFIER = com.ganesh.PhotoviewerUITests;
				PRODUCT_NAME = "$(TARGET_NAME)";
				SWIFT_VERSION = 5.0;
				TARGETED_DEVICE_FAMILY = "1,2";
				TEST_TARGET_NAME = Photoviewer;
			};
			name = Release;
		};
		53F5358B244029BE00B94AF2 /* Debug */ = {
			isa = XCBuildConfiguration;
			buildSettings = {
				ALWAYS_SEARCH_USER_PATHS = NO;
				CLANG_ANALYZER_NONNULL = YES;
				CLANG_ANALYZER_NUMBER_OBJECT_CONVERSION = YES_AGGRESSIVE;
				CLANG_CXX_LANGUAGE_STANDARD = "gnu++14";
				CLANG_CXX_LIBRARY = "libc++";
				CLANG_ENABLE_MODULES = YES;
				CLANG_ENABLE_OBJC_ARC = YES;
				CLANG_ENABLE_OBJC_WEAK = YES;
				CLANG_WARN_BLOCK_CAPTURE_AUTORELEASING = YES;
				CLANG_WARN_BOOL_CONVERSION = YES;
				CLANG_WARN_COMMA = YES;
				CLANG_WARN_CONSTANT_CONVERSION = YES;
				CLANG_WARN_DEPRECATED_OBJC_IMPLEMENTATIONS = YES;
				CLANG_WARN_DIRECT_OBJC_ISA_USAGE = YES_ERROR;
				CLANG_WARN_DOCUMENTATION_COMMENTS = YES;
				CLANG_WARN_EMPTY_BODY = YES;
				CLANG_WARN_ENUM_CONVERSION = YES;
				CLANG_WARN_INFINITE_RECURSION = YES;
				CLANG_WARN_INT_CONVERSION = YES;
				CLANG_WARN_NON_LITERAL_NULL_CONVERSION = YES;
				CLANG_WARN_OBJC_IMPLICIT_RETAIN_SELF = YES;
				CLANG_WARN_OBJC_LITERAL_CONVERSION = YES;
				CLANG_WARN_OBJC_ROOT_CLASS = YES_ERROR;
				CLANG_WARN_RANGE_LOOP_ANALYSIS = YES;
				CLANG_WARN_STRICT_PROTOTYPES = YES;
				CLANG_WARN_SUSPICIOUS_MOVE = YES;
				CLANG_WARN_UNGUARDED_AVAILABILITY = YES_AGGRESSIVE;
				CLANG_WARN_UNREACHABLE_CODE = YES;
				CLANG_WARN__DUPLICATE_METHOD_MATCH = YES;
				COPY_PHASE_STRIP = NO;
				DEBUG_INFORMATION_FORMAT = dwarf;
				ENABLE_STRICT_OBJC_MSGSEND = YES;
				ENABLE_TESTABILITY = YES;
				GCC_C_LANGUAGE_STANDARD = gnu11;
				GCC_DYNAMIC_NO_PIC = NO;
				GCC_NO_COMMON_BLOCKS = YES;
				GCC_OPTIMIZATION_LEVEL = 0;
				GCC_PREPROCESSOR_DEFINITIONS = (
					"DEBUG=1",
					"$(inherited)",
				);
				GCC_WARN_64_TO_32_BIT_CONVERSION = YES;
				GCC_WARN_ABOUT_RETURN_TYPE = YES_ERROR;
				GCC_WARN_UNDECLARED_SELECTOR = YES;
				GCC_WARN_UNINITIALIZED_AUTOS = YES_AGGRESSIVE;
				GCC_WARN_UNUSED_FUNCTION = YES;
				GCC_WARN_UNUSED_VARIABLE = YES;
				IPHONEOS_DEPLOYMENT_TARGET = 13.2;
				MTL_ENABLE_DEBUG_INFO = INCLUDE_SOURCE;
				MTL_FAST_MATH = YES;
				ONLY_ACTIVE_ARCH = YES;
				SDKROOT = iphoneos;
				SWIFT_ACTIVE_COMPILATION_CONDITIONS = DEBUG;
				SWIFT_OPTIMIZATION_LEVEL = "-Onone";
			};
			name = Debug;
		};
		53F5358C244029BE00B94AF2 /* Release */ = {
			isa = XCBuildConfiguration;
			buildSettings = {
				ALWAYS_SEARCH_USER_PATHS = NO;
				CLANG_ANALYZER_NONNULL = YES;
				CLANG_ANALYZER_NUMBER_OBJECT_CONVERSION = YES_AGGRESSIVE;
				CLANG_CXX_LANGUAGE_STANDARD = "gnu++14";
				CLANG_CXX_LIBRARY = "libc++";
				CLANG_ENABLE_MODULES = YES;
				CLANG_ENABLE_OBJC_ARC = YES;
				CLANG_ENABLE_OBJC_WEAK = YES;
				CLANG_WARN_BLOCK_CAPTURE_AUTORELEASING = YES;
				CLANG_WARN_BOOL_CONVERSION = YES;
				CLANG_WARN_COMMA = YES;
				CLANG_WARN_CONSTANT_CONVERSION = YES;
				CLANG_WARN_DEPRECATED_OBJC_IMPLEMENTATIONS = YES;
				CLANG_WARN_DIRECT_OBJC_ISA_USAGE = YES_ERROR;
				CLANG_WARN_DOCUMENTATION_COMMENTS = YES;
				CLANG_WARN_EMPTY_BODY = YES;
				CLANG_WARN_ENUM_CONVERSION = YES;
				CLANG_WARN_INFINITE_RECURSION = YES;
				CLANG_WARN_INT_CONVERSION = YES;
				CLANG_WARN_NON_LITERAL_NULL_CONVERSION = YES;
				CLANG_WARN_OBJC_IMPLICIT_RETAIN_SELF = YES;
				CLANG_WARN_OBJC_LITERAL_CONVERSION = YES;
				CLANG_WARN_OBJC_ROOT_CLASS = YES_ERROR;
				CLANG_WARN_RANGE_LOOP_ANALYSIS = YES;
				CLANG_WARN_STRICT_PROTOTYPES = YES;
				CLANG_WARN_SUSPICIOUS_MOVE = YES;
				CLANG_WARN_UNGUARDED_AVAILABILITY = YES_AGGRESSIVE;
				CLANG_WARN_UNREACHABLE_CODE = YES;
				CLANG_WARN__DUPLICATE_METHOD_MATCH = YES;
				COPY_PHASE_STRIP = NO;
				DEBUG_INFORMATION_FORMAT = "dwarf-with-dsym";
				ENABLE_NS_ASSERTIONS = NO;
				ENABLE_STRICT_OBJC_MSGSEND = YES;
				GCC_C_LANGUAGE_STANDARD = gnu11;
				GCC_NO_COMMON_BLOCKS = YES;
				GCC_WARN_64_TO_32_BIT_CONVERSION = YES;
				GCC_WARN_ABOUT_RETURN_TYPE = YES_ERROR;
				GCC_WARN_UNDECLARED_SELECTOR = YES;
				GCC_WARN_UNINITIALIZED_AUTOS = YES_AGGRESSIVE;
				GCC_WARN_UNUSED_FUNCTION = YES;
				GCC_WARN_UNUSED_VARIABLE = YES;
				IPHONEOS_DEPLOYMENT_TARGET = 13.2;
				MTL_ENABLE_DEBUG_INFO = NO;
				MTL_FAST_MATH = YES;
				SDKROOT = iphoneos;
				SWIFT_COMPILATION_MODE = wholemodule;
				SWIFT_OPTIMIZATION_LEVEL = "-O";
				VALIDATE_PRODUCT = YES;
			};
			name = Release;
		};
		53F5358E244029BE00B94AF2 /* Debug */ = {
			isa = XCBuildConfiguration;
			buildSettings = {
				ASSETCATALOG_COMPILER_APPICON_NAME = AppIcon;
				CODE_SIGN_ENTITLEMENTS = Photoviewer/Photoviewer.entitlements;
				"CODE_SIGN_IDENTITY[sdk=macosx*]" = "-";
				CODE_SIGN_STYLE = Automatic;
				DERIVE_MACCATALYST_PRODUCT_BUNDLE_IDENTIFIER = YES;
				INFOPLIST_FILE = Photoviewer/Info.plist;
				LD_RUNPATH_SEARCH_PATHS = (
					"$(inherited)",
					"@executable_path/Frameworks",
				);
				PRODUCT_BUNDLE_IDENTIFIER = com.ganesh.Photoviewer;
				PRODUCT_NAME = "$(TARGET_NAME)";
				SUPPORTS_MACCATALYST = YES;
				SWIFT_VERSION = 5.0;
				TARGETED_DEVICE_FAMILY = "1,2";
			};
			name = Debug;
		};
		53F5358F244029BE00B94AF2 /* Release */ = {
			isa = XCBuildConfiguration;
			buildSettings = {
				ASSETCATALOG_COMPILER_APPICON_NAME = AppIcon;
				CODE_SIGN_ENTITLEMENTS = Photoviewer/Photoviewer.entitlements;
				"CODE_SIGN_IDENTITY[sdk=macosx*]" = "-";
				CODE_SIGN_STYLE = Automatic;
				DERIVE_MACCATALYST_PRODUCT_BUNDLE_IDENTIFIER = YES;
				INFOPLIST_FILE = Photoviewer/Info.plist;
				LD_RUNPATH_SEARCH_PATHS = (
					"$(inherited)",
					"@executable_path/Frameworks",
				);
				PRODUCT_BUNDLE_IDENTIFIER = com.ganesh.Photoviewer;
				PRODUCT_NAME = "$(TARGET_NAME)";
				SUPPORTS_MACCATALYST = YES;
				SWIFT_VERSION = 5.0;
				TARGETED_DEVICE_FAMILY = "1,2";
			};
			name = Release;
		};
		53F53591244029BE00B94AF2 /* Debug */ = {
			isa = XCBuildConfiguration;
			buildSettings = {
				ALWAYS_EMBED_SWIFT_STANDARD_LIBRARIES = YES;
				BUNDLE_LOADER = "$(TEST_HOST)";
				CODE_SIGN_STYLE = Automatic;
				INFOPLIST_FILE = PhotoviewerTests/Info.plist;
				IPHONEOS_DEPLOYMENT_TARGET = 13.2;
				LD_RUNPATH_SEARCH_PATHS = (
					"$(inherited)",
					"@executable_path/Frameworks",
					"@loader_path/Frameworks",
				);
				PRODUCT_BUNDLE_IDENTIFIER = com.ganesh.PhotoviewerTests;
				PRODUCT_NAME = "$(TARGET_NAME)";
				SWIFT_VERSION = 5.0;
				TARGETED_DEVICE_FAMILY = "1,2";
				TEST_HOST = "$(BUILT_PRODUCTS_DIR)/Photoviewer.app/Photoviewer";
			};
			name = Debug;
		};
		53F53592244029BE00B94AF2 /* Release */ = {
			isa = XCBuildConfiguration;
			buildSettings = {
				ALWAYS_EMBED_SWIFT_STANDARD_LIBRARIES = YES;
				BUNDLE_LOADER = "$(TEST_HOST)";
				CODE_SIGN_STYLE = Automatic;
				INFOPLIST_FILE = PhotoviewerTests/Info.plist;
				IPHONEOS_DEPLOYMENT_TARGET = 13.2;
				LD_RUNPATH_SEARCH_PATHS = (
					"$(inherited)",
					"@executable_path/Frameworks",
					"@loader_path/Frameworks",
				);
				PRODUCT_BUNDLE_IDENTIFIER = com.ganesh.PhotoviewerTests;
				PRODUCT_NAME = "$(TARGET_NAME)";
				SWIFT_VERSION = 5.0;
				TARGETED_DEVICE_FAMILY = "1,2";
				TEST_HOST = "$(BUILT_PRODUCTS_DIR)/Photoviewer.app/Photoviewer";
			};
			name = Release;
		};
/* End XCBuildConfiguration section */

/* Begin XCConfigurationList section */
		535C273824690A7200813085 /* Build configuration list for PBXNativeTarget "PhotoviewerUITests" */ = {
			isa = XCConfigurationList;
			buildConfigurations = (
				535C273624690A7200813085 /* Debug */,
				535C273724690A7200813085 /* Release */,
			);
			defaultConfigurationIsVisible = 0;
			defaultConfigurationName = Release;
		};
		53F53564244029BD00B94AF2 /* Build configuration list for PBXProject "Photoviewer" */ = {
			isa = XCConfigurationList;
			buildConfigurations = (
				53F5358B244029BE00B94AF2 /* Debug */,
				53F5358C244029BE00B94AF2 /* Release */,
			);
			defaultConfigurationIsVisible = 0;
			defaultConfigurationName = Release;
		};
		53F5358D244029BE00B94AF2 /* Build configuration list for PBXNativeTarget "Photoviewer" */ = {
			isa = XCConfigurationList;
			buildConfigurations = (
				53F5358E244029BE00B94AF2 /* Debug */,
				53F5358F244029BE00B94AF2 /* Release */,
			);
			defaultConfigurationIsVisible = 0;
			defaultConfigurationName = Release;
		};
		53F53590244029BE00B94AF2 /* Build configuration list for PBXNativeTarget "PhotoviewerTests" */ = {
			isa = XCConfigurationList;
			buildConfigurations = (
				53F53591244029BE00B94AF2 /* Debug */,
				53F53592244029BE00B94AF2 /* Release */,
			);
			defaultConfigurationIsVisible = 0;
			defaultConfigurationName = Release;
		};
/* End XCConfigurationList section */

/* Begin XCVersionGroup section */
		53F5356E244029BD00B94AF2 /* Photoviewer.xcdatamodeld */ = {
			isa = XCVersionGroup;
			children = (
				53F5356F244029BD00B94AF2 /* Photoviewer.xcdatamodel */,
			);
			currentVersion = 53F5356F244029BD00B94AF2 /* Photoviewer.xcdatamodel */;
			path = Photoviewer.xcdatamodeld;
			sourceTree = "<group>";
			versionGroupType = wrapper.xcdatamodel;
		};
/* End XCVersionGroup section */
	};
	rootObject = 53F53561244029BD00B94AF2 /* Project object */;
}
